{
  "name": "tripplanner",
  "version": "1.0.0",
  "lockfileVersion": 1,
  "requires": true,
  "dependencies": {
    "@types/google-maps": {
      "version": "3.2.2",
      "resolved": "https://registry.npmjs.org/@types/google-maps/-/google-maps-3.2.2.tgz",
      "integrity": "sha512-/XPVfS28VzUdE/HlmBRoe5ii1nNMyWujyRfRY08bD/JgmPlWSiY8enB2dqTe9mlc3kULq7LfFa1wcupM+lQfqA==",
      "dev": true,
      "requires": {
        "@types/googlemaps": "*"
      }
    },
    "@types/googlemaps": {
      "version": "3.39.8",
      "resolved": "https://registry.npmjs.org/@types/googlemaps/-/googlemaps-3.39.8.tgz",
      "integrity": "sha512-z03u79t1v8QIktoUXypWD06Fzl499/hA162hurA+eCDlWXxFynuU+hMZIaferILF5Gzr4PMX1ShHszT666sUHQ==",
      "dev": true
    }
  }
}
